
Microsoft Visual Studio Solution File, Format Version 12.00
# Visual Studio Version 16
VisualStudioVersion = 16.0.28922.388
MinimumVisualStudioVersion = 10.0.40219.1
Project("{FAE04EC0-301F-11D3-BF4B-00C04F79EFBC}") = "GraMonolitycznie", "GraMonolitycznie\GraMonolitycznie.csproj", "{C397B4F3-D5CA-46C5-AC23-E09555D49FF8}"
EndProject
Project("{9A19103F-16F7-4668-BE54-9A1E7A4F7556}") = "GameModel", "GameModel\GameModel.csproj", "{307C3540-4FCE-4524-96C0-FE88E9FF6793}"
EndProject
Project("{9A19103F-16F7-4668-BE54-9A1E7A4F7556}") = "ConsoleGameUsingModel", "ConsoleGameUsingModel\ConsoleGameUsingModel.csproj", "{08DCE4F4-7FE8-4DBF-B1FF-E986A5339723}"
EndProject
Project("{FAE04EC0-301F-11D3-BF4B-00C04F79EFBC}") = "GameGui", "GameGui\GameGui.csproj", "{D5C9EE4A-71BC-4B60-A68A-82E8AD7BCC0E}"
EndProject
Global
	GlobalSection(SolutionConfigurationPlatforms) = preSolution
		Debug|Any CPU = Debug|Any CPU
		Release|Any CPU = Release|Any CPU
	EndGlobalSection
	GlobalSection(ProjectConfigurationPlatforms) = postSolution
		{C397B4F3-D5CA-46C5-AC23-E09555D49FF8}.Debug|Any CPU.ActiveCfg = Debug|Any CPU
		{C397B4F3-D5CA-46C5-AC23-E09555D49FF8}.Debug|Any CPU.Build.0 = Debug|Any CPU
		{C397B4F3-D5CA-46C5-AC23-E09555D49FF8}.Release|Any CPU.ActiveCfg = Release|Any CPU
		{C397B4F3-D5CA-46C5-AC23-E09555D49FF8}.Release|Any CPU.Build.0 = Release|Any CPU
		{307C3540-4FCE-4524-96C0-FE88E9FF6793}.Debug|Any CPU.ActiveCfg = Debug|Any CPU
		{307C3540-4FCE-4524-96C0-FE88E9FF6793}.Debug|Any CPU.Build.0 = Debug|Any CPU
		{307C3540-4FCE-4524-96C0-FE88E9FF6793}.Release|Any CPU.ActiveCfg = Release|Any CPU
		{307C3540-4FCE-4524-96C0-FE88E9FF6793}.Release|Any CPU.Build.0 = Release|Any CPU
		{08DCE4F4-7FE8-4DBF-B1FF-E986A5339723}.Debug|Any CPU.ActiveCfg = Debug|Any CPU
		{08DCE4F4-7FE8-4DBF-B1FF-E986A5339723}.Debug|Any CPU.Build.0 = Debug|Any CPU
		{08DCE4F4-7FE8-4DBF-B1FF-E986A5339723}.Release|Any CPU.ActiveCfg = Release|Any CPU
		{08DCE4F4-7FE8-4DBF-B1FF-E986A5339723}.Release|Any CPU.Build.0 = Release|Any CPU
		{D5C9EE4A-71BC-4B60-A68A-82E8AD7BCC0E}.Debug|Any CPU.ActiveCfg = Debug|Any CPU
		{D5C9EE4A-71BC-4B60-A68A-82E8AD7BCC0E}.Debug|Any CPU.Build.0 = Debug|Any CPU
		{D5C9EE4A-71BC-4B60-A68A-82E8AD7BCC0E}.Release|Any CPU.ActiveCfg = Release|Any CPU
		{D5C9EE4A-71BC-4B60-A68A-82E8AD7BCC0E}.Release|Any CPU.Build.0 = Release|Any CPU
	EndGlobalSection
	GlobalSection(SolutionProperties) = preSolution
		HideSolutionNode = FALSE
	EndGlobalSection
	GlobalSection(ExtensibilityGlobals) = postSolution
		SolutionGuid = {621A802B-AFD0-4072-8E03-CFE83DCDC198}
	EndGlobalSection
EndGlobal
